
Microsoft Visual Studio Solution File, Format Version 12.00
# Visual Studio Version 18
VisualStudioVersion = 18.5.11716.220 stable
MinimumVisualStudioVersion = 10.0.40219.1
Project("{FAE04EC0-301F-11D3-BF4B-00C04F79EFBC}") = "OrdersMicroserviceAPI", "OrdersMicroserviceAPI\OrdersMicroserviceAPI.csproj", "{399611D6-A618-45F6-9878-236CD6D53F12}"
EndProject
Project("{FAE04EC0-301F-11D3-BF4B-00C04F79EFBC}") = "BusinessLogicLayer", "BusinessLogicLayer\BusinessLogicLayer.csproj", "{52353FB8-D1EF-44BE-A6C6-B88860BFBDDA}"
EndProject
Project("{FAE04EC0-301F-11D3-BF4B-00C04F79EFBC}") = "DataAccessLayer", "DataAccessLayer\DataAccessLayer.csproj", "{80FDEBB5-52D0-47B1-AB1A-8A0E7C5BD919}"
EndProject
Project("{E53339B2-1760-4266-BCC7-CA923CBCF16C}") = "docker-compose", "docker-compose.dcproj", "{81DDED9D-158B-E303-5F62-77A2896D2A5A}"
EndProject
Global
	GlobalSection(SolutionConfigurationPlatforms) = preSolution
		Debug|Any CPU = Debug|Any CPU
		Release|Any CPU = Release|Any CPU
	EndGlobalSection
	GlobalSection(ProjectConfigurationPlatforms) = postSolution
		{399611D6-A618-45F6-9878-236CD6D53F12}.Debug|Any CPU.ActiveCfg = Debug|Any CPU
		{399611D6-A618-45F6-9878-236CD6D53F12}.Debug|Any CPU.Build.0 = Debug|Any CPU
		{399611D6-A618-45F6-9878-236CD6D53F12}.Release|Any CPU.ActiveCfg = Release|Any CPU
		{399611D6-A618-45F6-9878-236CD6D53F12}.Release|Any CPU.Build.0 = Release|Any CPU
		{52353FB8-D1EF-44BE-A6C6-B88860BFBDDA}.Debug|Any CPU.ActiveCfg = Debug|Any CPU
		{52353FB8-D1EF-44BE-A6C6-B88860BFBDDA}.Debug|Any CPU.Build.0 = Debug|Any CPU
		{52353FB8-D1EF-44BE-A6C6-B88860BFBDDA}.Release|Any CPU.ActiveCfg = Release|Any CPU
		{52353FB8-D1EF-44BE-A6C6-B88860BFBDDA}.Release|Any CPU.Build.0 = Release|Any CPU
		{80FDEBB5-52D0-47B1-AB1A-8A0E7C5BD919}.Debug|Any CPU.ActiveCfg = Debug|Any CPU
		{80FDEBB5-52D0-47B1-AB1A-8A0E7C5BD919}.Debug|Any CPU.Build.0 = Debug|Any CPU
		{80FDEBB5-52D0-47B1-AB1A-8A0E7C5BD919}.Release|Any CPU.ActiveCfg = Release|Any CPU
		{80FDEBB5-52D0-47B1-AB1A-8A0E7C5BD919}.Release|Any CPU.Build.0 = Release|Any CPU
		{81DDED9D-158B-E303-5F62-77A2896D2A5A}.Debug|Any CPU.ActiveCfg = Debug|Any CPU
		{81DDED9D-158B-E303-5F62-77A2896D2A5A}.Debug|Any CPU.Build.0 = Debug|Any CPU
		{81DDED9D-158B-E303-5F62-77A2896D2A5A}.Release|Any CPU.ActiveCfg = Release|Any CPU
		{81DDED9D-158B-E303-5F62-77A2896D2A5A}.Release|Any CPU.Build.0 = Release|Any CPU
	EndGlobalSection
	GlobalSection(SolutionProperties) = preSolution
		HideSolutionNode = FALSE
	EndGlobalSection
	GlobalSection(ExtensibilityGlobals) = postSolution
		SolutionGuid = {21FAD375-D095-4738-85A9-F4B1B666A5A6}
	EndGlobalSection
EndGlobal
